
Microsoft Visual Studio Solution File, Format Version 12.00
# Visual Studio Version 16
VisualStudioVersion = 16.0.31025.194
MinimumVisualStudioVersion = 10.0.40219.1
Project("{9A19103F-16F7-4668-BE54-9A1E7A4F7556}") = "FirstHomeWork", "FirstHomeWork\FirstHomeWork.csproj", "{A0F1A263-5555-476A-B70D-BC4CB8FB9368}"
EndProject
Project("{9A19103F-16F7-4668-BE54-9A1E7A4F7556}") = "FarenheitCelsius", "FarenheitCelsius\FarenheitCelsius.csproj", "{46B39F4B-5B3E-4BB9-B38B-2955E3696C05}"
EndProject
Project("{9A19103F-16F7-4668-BE54-9A1E7A4F7556}") = "Tartaly", "Tartaly\Tartaly.csproj", "{00EAD884-7E14-40A0-8753-A0027DF52538}"
EndProject
Project("{9A19103F-16F7-4668-BE54-9A1E7A4F7556}") = "FizzBuzzBanana", "FizzBuzzBanana\FizzBuzzBanana.csproj", "{0767EC25-D241-4537-89C3-41E40AE4297A}"
EndProject
Project("{9A19103F-16F7-4668-BE54-9A1E7A4F7556}") = "Nemprim", "Nemprim\Nemprim.csproj", "{27F31633-4D43-4B78-9C76-EF5AE36AE2AE}"
EndProject
Project("{9A19103F-16F7-4668-BE54-9A1E7A4F7556}") = "TokeletesSzam", "TokeletesSzam\TokeletesSzam.csproj", "{DED2CC11-126E-4369-B0A0-DE94EB6B4847}"
EndProject
Project("{FAE04EC0-301F-11D3-BF4B-00C04F79EFBC}") = "Turkalo", "Turkalo\Turkalo.csproj", "{4C341C89-5E12-41D0-8B5D-520579602AD9}"
EndProject
Global
	GlobalSection(SolutionConfigurationPlatforms) = preSolution
		Debug|Any CPU = Debug|Any CPU
		Release|Any CPU = Release|Any CPU
	EndGlobalSection
	GlobalSection(ProjectConfigurationPlatforms) = postSolution
		{A0F1A263-5555-476A-B70D-BC4CB8FB9368}.Debug|Any CPU.ActiveCfg = Debug|Any CPU
		{A0F1A263-5555-476A-B70D-BC4CB8FB9368}.Debug|Any CPU.Build.0 = Debug|Any CPU
		{A0F1A263-5555-476A-B70D-BC4CB8FB9368}.Release|Any CPU.ActiveCfg = Release|Any CPU
		{A0F1A263-5555-476A-B70D-BC4CB8FB9368}.Release|Any CPU.Build.0 = Release|Any CPU
		{46B39F4B-5B3E-4BB9-B38B-2955E3696C05}.Debug|Any CPU.ActiveCfg = Debug|Any CPU
		{46B39F4B-5B3E-4BB9-B38B-2955E3696C05}.Debug|Any CPU.Build.0 = Debug|Any CPU
		{46B39F4B-5B3E-4BB9-B38B-2955E3696C05}.Release|Any CPU.ActiveCfg = Release|Any CPU
		{46B39F4B-5B3E-4BB9-B38B-2955E3696C05}.Release|Any CPU.Build.0 = Release|Any CPU
		{00EAD884-7E14-40A0-8753-A0027DF52538}.Debug|Any CPU.ActiveCfg = Debug|Any CPU
		{00EAD884-7E14-40A0-8753-A0027DF52538}.Debug|Any CPU.Build.0 = Debug|Any CPU
		{00EAD884-7E14-40A0-8753-A0027DF52538}.Release|Any CPU.ActiveCfg = Release|Any CPU
		{00EAD884-7E14-40A0-8753-A0027DF52538}.Release|Any CPU.Build.0 = Release|Any CPU
		{0767EC25-D241-4537-89C3-41E40AE4297A}.Debug|Any CPU.ActiveCfg = Debug|Any CPU
		{0767EC25-D241-4537-89C3-41E40AE4297A}.Debug|Any CPU.Build.0 = Debug|Any CPU
		{0767EC25-D241-4537-89C3-41E40AE4297A}.Release|Any CPU.ActiveCfg = Release|Any CPU
		{0767EC25-D241-4537-89C3-41E40AE4297A}.Release|Any CPU.Build.0 = Release|Any CPU
		{27F31633-4D43-4B78-9C76-EF5AE36AE2AE}.Debug|Any CPU.ActiveCfg = Debug|Any CPU
		{27F31633-4D43-4B78-9C76-EF5AE36AE2AE}.Debug|Any CPU.Build.0 = Debug|Any CPU
		{27F31633-4D43-4B78-9C76-EF5AE36AE2AE}.Release|Any CPU.ActiveCfg = Release|Any CPU
		{27F31633-4D43-4B78-9C76-EF5AE36AE2AE}.Release|Any CPU.Build.0 = Release|Any CPU
		{DED2CC11-126E-4369-B0A0-DE94EB6B4847}.Debug|Any CPU.ActiveCfg = Debug|Any CPU
		{DED2CC11-126E-4369-B0A0-DE94EB6B4847}.Debug|Any CPU.Build.0 = Debug|Any CPU
		{DED2CC11-126E-4369-B0A0-DE94EB6B4847}.Release|Any CPU.ActiveCfg = Release|Any CPU
		{DED2CC11-126E-4369-B0A0-DE94EB6B4847}.Release|Any CPU.Build.0 = Release|Any CPU
		{4C341C89-5E12-41D0-8B5D-520579602AD9}.Debug|Any CPU.ActiveCfg = Debug|Any CPU
		{4C341C89-5E12-41D0-8B5D-520579602AD9}.Debug|Any CPU.Build.0 = Debug|Any CPU
		{4C341C89-5E12-41D0-8B5D-520579602AD9}.Release|Any CPU.ActiveCfg = Release|Any CPU
		{4C341C89-5E12-41D0-8B5D-520579602AD9}.Release|Any CPU.Build.0 = Release|Any CPU
	EndGlobalSection
	GlobalSection(SolutionProperties) = preSolution
		HideSolutionNode = FALSE
	EndGlobalSection
	GlobalSection(ExtensibilityGlobals) = postSolution
		SolutionGuid = {16C7D056-9D2E-4A15-8A89-382B9F096862}
	EndGlobalSection
EndGlobal
